
Microsoft Visual Studio Solution File, Format Version 12.00
# Visual Studio 14
VisualStudioVersion = 14.0.23107.0
MinimumVisualStudioVersion = 10.0.40219.1
Project("{FAE04EC0-301F-11D3-BF4B-00C04F79EFBC}") = "KnightMoves.Hierarchical", "KnightMoves.Hierarchical\KnightMoves.Hierarchical.csproj", "{9216B112-5F5A-44FD-A5FD-3F8786AB48DF}"
EndProject
Project("{FAE04EC0-301F-11D3-BF4B-00C04F79EFBC}") = "KnightMoves.Hierarchical.UnitTests", "KnightMoves.Hierarchical.UnitTests\KnightMoves.Hierarchical.UnitTests.csproj", "{5D5B537A-9997-4ADA-801D-8EAE907F999D}"
EndProject
Project("{2150E333-8FDC-42A3-9474-1A3956D46DE8}") = "Solution Items", "Solution Items", "{0D25B27A-CCA5-43DF-9729-362EDD958E09}"
	ProjectSection(SolutionItems) = preProject
		README.md = README.md
	EndProjectSection
EndProject
Global
	GlobalSection(SolutionConfigurationPlatforms) = preSolution
		Debug|Any CPU = Debug|Any CPU
		Release|Any CPU = Release|Any CPU
	EndGlobalSection
	GlobalSection(ProjectConfigurationPlatforms) = postSolution
		{9216B112-5F5A-44FD-A5FD-3F8786AB48DF}.Debug|Any CPU.ActiveCfg = Debug|Any CPU
		{9216B112-5F5A-44FD-A5FD-3F8786AB48DF}.Debug|Any CPU.Build.0 = Debug|Any CPU
		{9216B112-5F5A-44FD-A5FD-3F8786AB48DF}.Release|Any CPU.ActiveCfg = Release|Any CPU
		{9216B112-5F5A-44FD-A5FD-3F8786AB48DF}.Release|Any CPU.Build.0 = Release|Any CPU
		{5D5B537A-9997-4ADA-801D-8EAE907F999D}.Debug|Any CPU.ActiveCfg = Debug|Any CPU
		{5D5B537A-9997-4ADA-801D-8EAE907F999D}.Debug|Any CPU.Build.0 = Debug|Any CPU
		{5D5B537A-9997-4ADA-801D-8EAE907F999D}.Release|Any CPU.ActiveCfg = Release|Any CPU
		{5D5B537A-9997-4ADA-801D-8EAE907F999D}.Release|Any CPU.Build.0 = Release|Any CPU
	EndGlobalSection
	GlobalSection(SolutionProperties) = preSolution
		HideSolutionNode = FALSE
	EndGlobalSection
EndGlobal
